
Microsoft Visual Studio Solution File, Format Version 12.00
# Visual Studio 15
VisualStudioVersion = 15.0.28307.902
MinimumVisualStudioVersion = 10.0.40219.1
Project("{FAE04EC0-301F-11D3-BF4B-00C04F79EFBC}") = "WZY.Dapper", "WZY.Dapper\WZY.Dapper.csproj", "{72956D6A-3134-45C1-B9CC-E4F4F3B26FED}"
EndProject
Global
	GlobalSection(SolutionConfigurationPlatforms) = preSolution
		Debug|Any CPU = Debug|Any CPU
		Release|Any CPU = Release|Any CPU
	EndGlobalSection
	GlobalSection(ProjectConfigurationPlatforms) = postSolution
		{72956D6A-3134-45C1-B9CC-E4F4F3B26FED}.Debug|Any CPU.ActiveCfg = Debug|Any CPU
		{72956D6A-3134-45C1-B9CC-E4F4F3B26FED}.Debug|Any CPU.Build.0 = Debug|Any CPU
		{72956D6A-3134-45C1-B9CC-E4F4F3B26FED}.Release|Any CPU.ActiveCfg = Release|Any CPU
		{72956D6A-3134-45C1-B9CC-E4F4F3B26FED}.Release|Any CPU.Build.0 = Release|Any CPU
	EndGlobalSection
	GlobalSection(SolutionProperties) = preSolution
		HideSolutionNode = FALSE
	EndGlobalSection
	GlobalSection(ExtensibilityGlobals) = postSolution
		SolutionGuid = {F5244BCF-C444-4BA2-8BDD-3B3C1881ED7D}
	EndGlobalSection
EndGlobal
